
Microsoft Visual Studio Solution File, Format Version 12.00
# Visual Studio Version 17
VisualStudioVersion = 17.13.35825.156 d17.13
MinimumVisualStudioVersion = 10.0.40219.1
Project("{FAE04EC0-301F-11D3-BF4B-00C04F79EFBC}") = "MyOracleViewer", "MyOracleViewer\MyOracleViewer.csproj", "{A050B8AB-0723-4D1F-A01A-9254939EC9ED}"
EndProject
Global
	GlobalSection(SolutionConfigurationPlatforms) = preSolution
		Debug|Any CPU = Debug|Any CPU
		Release|Any CPU = Release|Any CPU
	EndGlobalSection
	GlobalSection(ProjectConfigurationPlatforms) = postSolution
		{A050B8AB-0723-4D1F-A01A-9254939EC9ED}.Debug|Any CPU.ActiveCfg = Debug|Any CPU
		{A050B8AB-0723-4D1F-A01A-9254939EC9ED}.Debug|Any CPU.Build.0 = Debug|Any CPU
		{A050B8AB-0723-4D1F-A01A-9254939EC9ED}.Release|Any CPU.ActiveCfg = Release|Any CPU
		{A050B8AB-0723-4D1F-A01A-9254939EC9ED}.Release|Any CPU.Build.0 = Release|Any CPU
	EndGlobalSection
	GlobalSection(SolutionProperties) = preSolution
		HideSolutionNode = FALSE
	EndGlobalSection
	GlobalSection(ExtensibilityGlobals) = postSolution
		SolutionGuid = {879D676C-2E51-4A50-B619-89C074F44864}
	EndGlobalSection
EndGlobal
